
Microsoft Visual Studio Solution File, Format Version 12.00
Project("{FAE04EC0-301F-11D3-BF4B-00C04F79EFBC}") = "JoFo.NetSetUp.Helper", "JoFo.NetSetUp.Helper\JoFo.NetSetUp.Helper.csproj", "{B54DB30B-842C-4546-8284-335C2AF7880C}"
EndProject
Global
	GlobalSection(SolutionConfigurationPlatforms) = preSolution
		Debug|Any CPU = Debug|Any CPU
		Release|Any CPU = Release|Any CPU
	EndGlobalSection
	GlobalSection(ProjectConfigurationPlatforms) = postSolution
		{B54DB30B-842C-4546-8284-335C2AF7880C}.Debug|Any CPU.ActiveCfg = Debug|Any CPU
		{B54DB30B-842C-4546-8284-335C2AF7880C}.Debug|Any CPU.Build.0 = Debug|Any CPU
		{B54DB30B-842C-4546-8284-335C2AF7880C}.Release|Any CPU.ActiveCfg = Release|Any CPU
		{B54DB30B-842C-4546-8284-335C2AF7880C}.Release|Any CPU.Build.0 = Release|Any CPU
	EndGlobalSection
EndGlobal
